{
  "version": 4,
  "terraform_version": "1.8.5",
  "serial": 6,
  "lineage": "edc8ac8c-c3d8-8213-ae90-726ea00c89c6",
  "outputs": {
    "external_ip": {
      "value": "84.252.131.3",
      "type": "string"
    }
  },
  "resources": [
    {
      "mode": "data",
      "type": "yandex_compute_image",
      "name": "ubuntu",
      "provider": "provider[\"registry.terraform.io/yandex-cloud/yandex\"]",
      "instances": [
        {
          "schema_version": 0,
          "attributes": {
            "created_at": "2026-08-17T18:28:13Z",
            "description": "Ubuntu 22.04 lts v20260812085451",
            "family": "ubuntu-2204-lts",
            "folder_id": "standard-images",
            "hardware_generation": [
              {
                "generation2_features": [],
                "legacy_features": [
                  {
                    "pci_topology": "PCI_TOPOLOGY_V2"
                  }
                ]
              }
            ],
            "id": "fd8qmr57ndfedjv8lfgk",
            "image_id": "fd8qmr57ndfedjv8lfgk",
            "kms_key_id": null,
            "labels": {
              "version": "20260812085451",
              "x-hopper-operation-id": "d9pnq878m7ale6s14ne3",
              "x-hopper-source-image-id": "fd812tu5316cn6oeh6b1"
            },
            "min_disk_size": 8,
            "name": "ubuntu-22-04-lts-v20260817",
            "os_type": "linux",
            "pooled": true,
            "product_ids": [
              "f2elfhr9h41g6c34ntnf"
            ],
            "size": 2,
            "status": "ready"
          },
          "sensitive_attributes": []
        }
      ]
    },
    {
      "mode": "managed",
      "type": "yandex_compute_instance",
      "name": "vm",
      "provider": "provider[\"registry.terraform.io/yandex-cloud/yandex\"]",
      "instances": [
        {
          "schema_version": 1,
          "attributes": {
            "allow_recreate": null,
            "allow_stopping_for_update": null,
            "boot_disk": [
              {
                "auto_delete": true,
                "device_name": "fhmuih0ekobvlru4ef43",
                "disk_id": "fhmuih0ekobvlru4ef43",
                "initialize_params": [
                  {
                    "block_size": 4096,
                    "description": "",
                    "image_id": "fd8qmr57ndfedjv8lfgk",
                    "kms_key_id": "",
                    "name": "",
                    "size": 15,
                    "snapshot_id": "",
                    "type": "network-hdd"
                  }
                ],
                "mode": "READ_WRITE"
              }
            ],
            "created_at": "2026-08-23T20:56:55Z",
            "description": "",
            "filesystem": [],
            "folder_id": "b1g7f31a1r5b3kl9b3f7",
            "fqdn": "fhmltl8kcvcgpg2iodgi.auto.internal",
            "gpu_cluster_id": "",
            "hardware_generation": [
              {
                "generation2_features": [],
                "legacy_features": [
                  {
                    "pci_topology": "PCI_TOPOLOGY_V2"
                  }
                ]
              }
            ],
            "hostname": "",
            "id": "fhmltl8kcvcgpg2iodgi",
            "labels": null,
            "local_disk": [],
            "maintenance_grace_period": "",
            "maintenance_policy": null,
            "metadata": null,
            "metadata_options": [
              {
                "aws_v1_http_endpoint": 1,
                "aws_v1_http_token": 2,
                "aws_v2_http_endpoint": 1,
                "aws_v2_http_token": 1,
                "gce_http_endpoint": 1,
                "gce_http_token": 1
              }
            ],
            "name": "app-vm",
            "network_acceleration_type": "standard",
            "network_interface": [
              {
                "dns_record": [],
                "index": 0,
                "ip_address": "192.168.10.22",
                "ipv4": true,
                "ipv6": false,
                "ipv6_address": "",
                "ipv6_dns_record": [],
                "mac_address": "d0:0d:15:ed:51:46",
                "nat": true,
                "nat_dns_record": [],
                "nat_ip_address": "84.252.131.3",
                "nat_ip_version": "IPV4",
                "security_group_ids": null,
                "subnet_id": "e9beelgad91pi8maep45"
              }
            ],
            "placement_policy": [
              {
                "host_affinity_rules": [],
                "placement_group_id": "",
                "placement_group_partition": 0
              }
            ],
            "platform_id": "standard-v3",
            "reserved_instance_pool_id": "",
            "resources": [
              {
                "core_fraction": 20,
                "cores": 2,
                "gpus": 0,
                "memory": 2
              }
            ],
            "scheduling_policy": [
              {
                "preemptible": false
              }
            ],
            "secondary_disk": [],
            "service_account_id": "",
            "status": "running",
            "timeouts": null,
            "zone": "ru-central1-a"
          },
          "sensitive_attributes": [],
          "private": "eyJlMmJmYjczMC1lY2FhLTExZTYtOGY4OC0zNDM2M2JjN2M0YzAiOnsiY3JlYXRlIjozMDAwMDAwMDAwMDAsImRlbGV0ZSI6MzAwMDAwMDAwMDAwLCJ1cGRhdGUiOjMwMDAwMDAwMDAwMH0sInNjaGVtYV92ZXJzaW9uIjoiMSJ9",
          "dependencies": [
            "data.yandex_compute_image.ubuntu",
            "yandex_vpc_network.app-net",
            "yandex_vpc_subnet.app-subnet"
          ]
        }
      ]
    },
    {
      "mode": "managed",
      "type": "yandex_vpc_network",
      "name": "app-net",
      "provider": "provider[\"registry.terraform.io/yandex-cloud/yandex\"]",
      "instances": [
        {
          "schema_version": 0,
          "attributes": {
            "created_at": "2026-08-23T20:52:52Z",
            "default_security_group_id": "enp0vtbjonpr7snv2t90",
            "description": "",
            "folder_id": "b1g7f31a1r5b3kl9b3f7",
            "id": "enpm3ls7q2uj0jqtep7b",
            "labels": {},
            "name": "app-network",
            "subnet_ids": [
              "e9beelgad91pi8maep45"
            ],
            "timeouts": null
          },
          "sensitive_attributes": [],
          "private": "eyJlMmJmYjczMC1lY2FhLTExZTYtOGY4OC0zNDM2M2JjN2M0YzAiOnsiY3JlYXRlIjo2MDAwMDAwMDAwMCwiZGVsZXRlIjo2MDAwMDAwMDAwMCwidXBkYXRlIjo2MDAwMDAwMDAwMH19"
        }
      ]
    },
    {
      "mode": "managed",
      "type": "yandex_vpc_subnet",
      "name": "app-subnet",
      "provider": "provider[\"registry.terraform.io/yandex-cloud/yandex\"]",
      "instances": [
        {
          "schema_version": 0,
          "attributes": {
            "created_at": "2026-08-23T20:52:54Z",
            "description": "",
            "dhcp_options": [],
            "folder_id": "b1g7f31a1r5b3kl9b3f7",
            "id": "e9beelgad91pi8maep45",
            "labels": {},
            "name": "app-subnet",
            "network_id": "enpm3ls7q2uj0jqtep7b",
            "route_table_id": "",
            "timeouts": null,
            "v4_cidr_blocks": [
              "192.168.10.0/24"
            ],
            "v6_cidr_blocks": [],
            "zone": "ru-central1-a"
          },
          "sensitive_attributes": [],
          "private": "eyJlMmJmYjczMC1lY2FhLTExZTYtOGY4OC0zNDM2M2JjN2M0YzAiOnsiY3JlYXRlIjoxODAwMDAwMDAwMDAsImRlbGV0ZSI6MTgwMDAwMDAwMDAwLCJ1cGRhdGUiOjE4MDAwMDAwMDAwMH19",
          "dependencies": [
            "yandex_vpc_network.app-net"
          ]
        }
      ]
    }
  ],
  "check_results": null
}
