{
  "version": 4,
  "terraform_version": "1.8.5",
  "serial": 4,
  "lineage": "edc8ac8c-c3d8-8213-ae90-726ea00c89c6",
  "outputs": {},
  "resources": [
    {
      "mode": "managed",
      "type": "yandex_vpc_network",
      "name": "app-net",
      "provider": "provider[\"registry.terraform.io/yandex-cloud/yandex\"]",
      "instances": [
        {
          "schema_version": 0,
          "attributes": {
            "created_at": "2026-08-23T20:52:52Z",
            "default_security_group_id": "enp0vtbjonpr7snv2t90",
            "description": "",
            "folder_id": "b1g7f31a1r5b3kl9b3f7",
            "id": "enpm3ls7q2uj0jqtep7b",
            "labels": {},
            "name": "app-network",
            "subnet_ids": [],
            "timeouts": null
          },
          "sensitive_attributes": [],
          "private": "eyJlMmJmYjczMC1lY2FhLTExZTYtOGY4OC0zNDM2M2JjN2M0YzAiOnsiY3JlYXRlIjo2MDAwMDAwMDAwMCwiZGVsZXRlIjo2MDAwMDAwMDAwMCwidXBkYXRlIjo2MDAwMDAwMDAwMH19"
        }
      ]
    },
    {
      "mode": "managed",
      "type": "yandex_vpc_subnet",
      "name": "app-subnet",
      "provider": "provider[\"registry.terraform.io/yandex-cloud/yandex\"]",
      "instances": [
        {
          "schema_version": 0,
          "attributes": {
            "created_at": "2026-08-23T20:52:54Z",
            "description": "",
            "dhcp_options": [],
            "folder_id": "b1g7f31a1r5b3kl9b3f7",
            "id": "e9beelgad91pi8maep45",
            "labels": {},
            "name": "app-subnet",
            "network_id": "enpm3ls7q2uj0jqtep7b",
            "route_table_id": "",
            "timeouts": null,
            "v4_cidr_blocks": [
              "192.168.10.0/24"
            ],
            "v6_cidr_blocks": [],
            "zone": "ru-central1-a"
          },
          "sensitive_attributes": [],
          "private": "eyJlMmJmYjczMC1lY2FhLTExZTYtOGY4OC0zNDM2M2JjN2M0YzAiOnsiY3JlYXRlIjoxODAwMDAwMDAwMDAsImRlbGV0ZSI6MTgwMDAwMDAwMDAwLCJ1cGRhdGUiOjE4MDAwMDAwMDAwMH19",
          "dependencies": [
            "yandex_vpc_network.app-net"
          ]
        }
      ]
    }
  ],
  "check_results": null
}
